
Microsoft Visual Studio Solution File, Format Version 11.00
# Visual Studio 2010
Project("{FAE04EC0-301F-11D3-BF4B-00C04F79EFBC}") = "MyFirstMVC3WebApp", "MyFirstMVC3WebApp\MyFirstMVC3WebApp.csproj", "{A93D9E7B-D806-465B-80FC-ECFDCAADED72}"
EndProject
Project("{FAE04EC0-301F-11D3-BF4B-00C04F79EFBC}") = "MyFirstMVC3WebApp.Tests", "MyFirstMVC3WebApp.Tests\MyFirstMVC3WebApp.Tests.csproj", "{7AEA9BF1-AC34-4B36-A238-9FA833E8A3BD}"
EndProject
Global
	GlobalSection(SolutionConfigurationPlatforms) = preSolution
		Debug|Any CPU = Debug|Any CPU
		Release|Any CPU = Release|Any CPU
	EndGlobalSection
	GlobalSection(ProjectConfigurationPlatforms) = postSolution
		{A93D9E7B-D806-465B-80FC-ECFDCAADED72}.Debug|Any CPU.ActiveCfg = Debug|Any CPU
		{A93D9E7B-D806-465B-80FC-ECFDCAADED72}.Debug|Any CPU.Build.0 = Debug|Any CPU
		{A93D9E7B-D806-465B-80FC-ECFDCAADED72}.Release|Any CPU.ActiveCfg = Release|Any CPU
		{A93D9E7B-D806-465B-80FC-ECFDCAADED72}.Release|Any CPU.Build.0 = Release|Any CPU
		{7AEA9BF1-AC34-4B36-A238-9FA833E8A3BD}.Debug|Any CPU.ActiveCfg = Debug|Any CPU
		{7AEA9BF1-AC34-4B36-A238-9FA833E8A3BD}.Debug|Any CPU.Build.0 = Debug|Any CPU
		{7AEA9BF1-AC34-4B36-A238-9FA833E8A3BD}.Release|Any CPU.ActiveCfg = Release|Any CPU
		{7AEA9BF1-AC34-4B36-A238-9FA833E8A3BD}.Release|Any CPU.Build.0 = Release|Any CPU
	EndGlobalSection
	GlobalSection(SolutionProperties) = preSolution
		HideSolutionNode = FALSE
	EndGlobalSection
EndGlobal
