
Microsoft Visual Studio Solution File, Format Version 11.00
# Visual Studio 2010
Project("{FAE04EC0-301F-11D3-BF4B-00C04F79EFBC}") = "NinjectDemo", "NinjectDemo\NinjectDemo.csproj", "{C2153186-B4CF-4477-B054-83A3D6DDD626}"
EndProject
Global
	GlobalSection(SolutionConfigurationPlatforms) = preSolution
		Debug|x86 = Debug|x86
		Release|x86 = Release|x86
	EndGlobalSection
	GlobalSection(ProjectConfigurationPlatforms) = postSolution
		{C2153186-B4CF-4477-B054-83A3D6DDD626}.Debug|x86.ActiveCfg = Debug|x86
		{C2153186-B4CF-4477-B054-83A3D6DDD626}.Debug|x86.Build.0 = Debug|x86
		{C2153186-B4CF-4477-B054-83A3D6DDD626}.Release|x86.ActiveCfg = Release|x86
		{C2153186-B4CF-4477-B054-83A3D6DDD626}.Release|x86.Build.0 = Release|x86
	EndGlobalSection
	GlobalSection(SolutionProperties) = preSolution
		HideSolutionNode = FALSE
	EndGlobalSection
EndGlobal
